
Microsoft Visual Studio Solution File, Format Version 12.00
# Visual Studio 15
VisualStudioVersion = 15.0.26730.10
MinimumVisualStudioVersion = 10.0.40219.1
Project("{FAE04EC0-301F-11D3-BF4B-00C04F79EFBC}") = "StringBuilderExample", "StringBuilderExample\StringBuilderExample.csproj", "{4710AAFB-87E7-4347-AD06-18BEF20CB68A}"
EndProject
Global
	GlobalSection(SolutionConfigurationPlatforms) = preSolution
		Debug|Any CPU = Debug|Any CPU
		Release|Any CPU = Release|Any CPU
	EndGlobalSection
	GlobalSection(ProjectConfigurationPlatforms) = postSolution
		{4710AAFB-87E7-4347-AD06-18BEF20CB68A}.Debug|Any CPU.ActiveCfg = Debug|Any CPU
		{4710AAFB-87E7-4347-AD06-18BEF20CB68A}.Debug|Any CPU.Build.0 = Debug|Any CPU
		{4710AAFB-87E7-4347-AD06-18BEF20CB68A}.Release|Any CPU.ActiveCfg = Release|Any CPU
		{4710AAFB-87E7-4347-AD06-18BEF20CB68A}.Release|Any CPU.Build.0 = Release|Any CPU
	EndGlobalSection
	GlobalSection(SolutionProperties) = preSolution
		HideSolutionNode = FALSE
	EndGlobalSection
	GlobalSection(ExtensibilityGlobals) = postSolution
		SolutionGuid = {61978A27-4B72-45E0-B14C-1B1CB697D728}
	EndGlobalSection
EndGlobal
